
Microsoft Visual Studio Solution File, Format Version 12.00
# Visual Studio Version 17
VisualStudioVersion = 17.14.36301.6 d17.14
MinimumVisualStudioVersion = 10.0.40219.1
Project("{FAE04EC0-301F-11D3-BF4B-00C04F79EFBC}") = "SatellitesQL", "SatellitesQL\SatellitesQL.csproj", "{D43D767C-FE51-42BE-A296-FB850BC12101}"
EndProject
Global
	GlobalSection(SolutionConfigurationPlatforms) = preSolution
		Debug|Any CPU = Debug|Any CPU
		Release|Any CPU = Release|Any CPU
	EndGlobalSection
	GlobalSection(ProjectConfigurationPlatforms) = postSolution
		{D43D767C-FE51-42BE-A296-FB850BC12101}.Debug|Any CPU.ActiveCfg = Debug|Any CPU
		{D43D767C-FE51-42BE-A296-FB850BC12101}.Debug|Any CPU.Build.0 = Debug|Any CPU
		{D43D767C-FE51-42BE-A296-FB850BC12101}.Release|Any CPU.ActiveCfg = Release|Any CPU
		{D43D767C-FE51-42BE-A296-FB850BC12101}.Release|Any CPU.Build.0 = Release|Any CPU
	EndGlobalSection
	GlobalSection(SolutionProperties) = preSolution
		HideSolutionNode = FALSE
	EndGlobalSection
	GlobalSection(ExtensibilityGlobals) = postSolution
		SolutionGuid = {4808FBBC-1897-4D0B-BFB1-E388D53CFB77}
	EndGlobalSection
EndGlobal
